
Microsoft Visual Studio Solution File, Format Version 12.00
# Visual Studio Version 16
VisualStudioVersion = 16.0.31911.196
MinimumVisualStudioVersion = 10.0.40219.1
Project("{FAE04EC0-301F-11D3-BF4B-00C04F79EFBC}") = "18.1", "18.1\18.1.csproj", "{6C1E1B5F-26B0-4733-86BC-60A54F32C672}"
EndProject
Global
	GlobalSection(SolutionConfigurationPlatforms) = preSolution
		Debug|Any CPU = Debug|Any CPU
		Release|Any CPU = Release|Any CPU
	EndGlobalSection
	GlobalSection(ProjectConfigurationPlatforms) = postSolution
		{6C1E1B5F-26B0-4733-86BC-60A54F32C672}.Debug|Any CPU.ActiveCfg = Debug|Any CPU
		{6C1E1B5F-26B0-4733-86BC-60A54F32C672}.Debug|Any CPU.Build.0 = Debug|Any CPU
		{6C1E1B5F-26B0-4733-86BC-60A54F32C672}.Release|Any CPU.ActiveCfg = Release|Any CPU
		{6C1E1B5F-26B0-4733-86BC-60A54F32C672}.Release|Any CPU.Build.0 = Release|Any CPU
	EndGlobalSection
	GlobalSection(SolutionProperties) = preSolution
		HideSolutionNode = FALSE
	EndGlobalSection
	GlobalSection(ExtensibilityGlobals) = postSolution
		SolutionGuid = {33D8BC41-9D28-4591-BDF6-ACF95051BEC5}
	EndGlobalSection
EndGlobal
